Microsoft Visual Studio Solution File, Format Version 12.00
# Visual Studio Version 17
VisualStudioVersion = 17.0.31717.71
MinimumVisualStudioVersion = 16.0.0.0
Project("{9A19103F-16F7-4668-BE54-9A1E7A4F7556}") = "paxgame.app.Server", "Server\paxgame.app.Server.csproj", "{D8C36071-AE3D-42F3-B54E-CB090EAC1D09}"
EndProject
Project("{9A19103F-16F7-4668-BE54-9A1E7A4F7556}") = "paxgame.app.Client", "Client\paxgame.app.Client.csproj", "{3487A3AB-856F-4CE9-86B9-2B8CA0DA93CD}"
EndProject
Project("{9A19103F-16F7-4668-BE54-9A1E7A4F7556}") = "paxgame.app.Shared", "Shared\paxgame.app.Shared.csproj", "{F7724686-DECD-4B18-BCC3-68691F7FF06D}"
EndProject
Project("{9A19103F-16F7-4668-BE54-9A1E7A4F7556}") = "Game", "..\paxgame\Game\Game.csproj", "{5BC9E17D-B4C2-4B09-97C9-4F49C87FF7D0}"
EndProject
Project("{9A19103F-16F7-4668-BE54-9A1E7A4F7556}") = "paxgame.Shared", "..\paxgame\Shared\paxgame.Shared.csproj", "{41A7210C-6B63-4183-821C-F5CE7DF8914F}"
EndProject
Global
	GlobalSection(SolutionConfigurationPlatforms) = preSolution
		Debug|Any CPU = Debug|Any CPU
		Debug|x64 = Debug|x64
		Debug|x86 = Debug|x86
		Release|Any CPU = Release|Any CPU
		Release|x64 = Release|x64
		Release|x86 = Release|x86
	EndGlobalSection
	GlobalSection(ProjectConfigurationPlatforms) = postSolution
		{D8C36071-AE3D-42F3-B54E-CB090EAC1D09}.Debug|Any CPU.ActiveCfg = Debug|Any CPU
		{D8C36071-AE3D-42F3-B54E-CB090EAC1D09}.Debug|Any CPU.Build.0 = Debug|Any CPU
		{D8C36071-AE3D-42F3-B54E-CB090EAC1D09}.Debug|x64.ActiveCfg = Debug|Any CPU
		{D8C36071-AE3D-42F3-B54E-CB090EAC1D09}.Debug|x64.Build.0 = Debug|Any CPU
		{D8C36071-AE3D-42F3-B54E-CB090EAC1D09}.Debug|x86.ActiveCfg = Debug|Any CPU
		{D8C36071-AE3D-42F3-B54E-CB090EAC1D09}.Debug|x86.Build.0 = Debug|Any CPU
		{D8C36071-AE3D-42F3-B54E-CB090EAC1D09}.Release|Any CPU.ActiveCfg = Release|Any CPU
		{D8C36071-AE3D-42F3-B54E-CB090EAC1D09}.Release|Any CPU.Build.0 = Release|Any CPU
		{D8C36071-AE3D-42F3-B54E-CB090EAC1D09}.Release|x64.ActiveCfg = Release|Any CPU
		{D8C36071-AE3D-42F3-B54E-CB090EAC1D09}.Release|x64.Build.0 = Release|Any CPU
		{D8C36071-AE3D-42F3-B54E-CB090EAC1D09}.Release|x86.ActiveCfg = Release|Any CPU
		{D8C36071-AE3D-42F3-B54E-CB090EAC1D09}.Release|x86.Build.0 = Release|Any CPU
		{3487A3AB-856F-4CE9-86B9-2B8CA0DA93CD}.Debug|Any CPU.ActiveCfg = Debug|Any CPU
		{3487A3AB-856F-4CE9-86B9-2B8CA0DA93CD}.Debug|Any CPU.Build.0 = Debug|Any CPU
		{3487A3AB-856F-4CE9-86B9-2B8CA0DA93CD}.Debug|x64.ActiveCfg = Debug|Any CPU
		{3487A3AB-856F-4CE9-86B9-2B8CA0DA93CD}.Debug|x64.Build.0 = Debug|Any CPU
		{3487A3AB-856F-4CE9-86B9-2B8CA0DA93CD}.Debug|x86.ActiveCfg = Debug|Any CPU
		{3487A3AB-856F-4CE9-86B9-2B8CA0DA93CD}.Debug|x86.Build.0 = Debug|Any CPU
		{3487A3AB-856F-4CE9-86B9-2B8CA0DA93CD}.Release|Any CPU.ActiveCfg = Release|Any CPU
		{3487A3AB-856F-4CE9-86B9-2B8CA0DA93CD}.Release|Any CPU.Build.0 = Release|Any CPU
		{3487A3AB-856F-4CE9-86B9-2B8CA0DA93CD}.Release|x64.ActiveCfg = Release|Any CPU
		{3487A3AB-856F-4CE9-86B9-2B8CA0DA93CD}.Release|x64.Build.0 = Release|Any CPU
		{3487A3AB-856F-4CE9-86B9-2B8CA0DA93CD}.Release|x86.ActiveCfg = Release|Any CPU
		{3487A3AB-856F-4CE9-86B9-2B8CA0DA93CD}.Release|x86.Build.0 = Release|Any CPU
		{F7724686-DECD-4B18-BCC3-68691F7FF06D}.Debug|Any CPU.ActiveCfg = Debug|Any CPU
		{F7724686-DECD-4B18-BCC3-68691F7FF06D}.Debug|Any CPU.Build.0 = Debug|Any CPU
		{F7724686-DECD-4B18-BCC3-68691F7FF06D}.Debug|x64.ActiveCfg = Debug|Any CPU
		{F7724686-DECD-4B18-BCC3-68691F7FF06D}.Debug|x64.Build.0 = Debug|Any CPU
		{F7724686-DECD-4B18-BCC3-68691F7FF06D}.Debug|x86.ActiveCfg = Debug|Any CPU
		{F7724686-DECD-4B18-BCC3-68691F7FF06D}.Debug|x86.Build.0 = Debug|Any CPU
		{F7724686-DECD-4B18-BCC3-68691F7FF06D}.Release|Any CPU.ActiveCfg = Release|Any CPU
		{F7724686-DECD-4B18-BCC3-68691F7FF06D}.Release|Any CPU.Build.0 = Release|Any CPU
		{F7724686-DECD-4B18-BCC3-68691F7FF06D}.Release|x64.ActiveCfg = Release|Any CPU
		{F7724686-DECD-4B18-BCC3-68691F7FF06D}.Release|x64.Build.0 = Release|Any CPU
		{F7724686-DECD-4B18-BCC3-68691F7FF06D}.Release|x86.ActiveCfg = Release|Any CPU
		{F7724686-DECD-4B18-BCC3-68691F7FF06D}.Release|x86.Build.0 = Release|Any CPU
		{5BC9E17D-B4C2-4B09-97C9-4F49C87FF7D0}.Debug|Any CPU.ActiveCfg = Debug|Any CPU
		{5BC9E17D-B4C2-4B09-97C9-4F49C87FF7D0}.Debug|Any CPU.Build.0 = Debug|Any CPU
		{5BC9E17D-B4C2-4B09-97C9-4F49C87FF7D0}.Debug|x64.ActiveCfg = Debug|Any CPU
		{5BC9E17D-B4C2-4B09-97C9-4F49C87FF7D0}.Debug|x64.Build.0 = Debug|Any CPU
		{5BC9E17D-B4C2-4B09-97C9-4F49C87FF7D0}.Debug|x86.ActiveCfg = Debug|Any CPU
		{5BC9E17D-B4C2-4B09-97C9-4F49C87FF7D0}.Debug|x86.Build.0 = Debug|Any CPU
		{5BC9E17D-B4C2-4B09-97C9-4F49C87FF7D0}.Release|Any CPU.ActiveCfg = Release|Any CPU
		{5BC9E17D-B4C2-4B09-97C9-4F49C87FF7D0}.Release|Any CPU.Build.0 = Release|Any CPU
		{5BC9E17D-B4C2-4B09-97C9-4F49C87FF7D0}.Release|x64.ActiveCfg = Release|Any CPU
		{5BC9E17D-B4C2-4B09-97C9-4F49C87FF7D0}.Release|x64.Build.0 = Release|Any CPU
		{5BC9E17D-B4C2-4B09-97C9-4F49C87FF7D0}.Release|x86.ActiveCfg = Release|Any CPU
		{5BC9E17D-B4C2-4B09-97C9-4F49C87FF7D0}.Release|x86.Build.0 = Release|Any CPU
		{41A7210C-6B63-4183-821C-F5CE7DF8914F}.Debug|Any CPU.ActiveCfg = Debug|Any CPU
		{41A7210C-6B63-4183-821C-F5CE7DF8914F}.Debug|Any CPU.Build.0 = Debug|Any CPU
		{41A7210C-6B63-4183-821C-F5CE7DF8914F}.Debug|x64.ActiveCfg = Debug|Any CPU
		{41A7210C-6B63-4183-821C-F5CE7DF8914F}.Debug|x64.Build.0 = Debug|Any CPU
		{41A7210C-6B63-4183-821C-F5CE7DF8914F}.Debug|x86.ActiveCfg = Debug|Any CPU
		{41A7210C-6B63-4183-821C-F5CE7DF8914F}.Debug|x86.Build.0 = Debug|Any CPU
		{41A7210C-6B63-4183-821C-F5CE7DF8914F}.Release|Any CPU.ActiveCfg = Release|Any CPU
		{41A7210C-6B63-4183-821C-F5CE7DF8914F}.Release|Any CPU.Build.0 = Release|Any CPU
		{41A7210C-6B63-4183-821C-F5CE7DF8914F}.Release|x64.ActiveCfg = Release|Any CPU
		{41A7210C-6B63-4183-821C-F5CE7DF8914F}.Release|x64.Build.0 = Release|Any CPU
		{41A7210C-6B63-4183-821C-F5CE7DF8914F}.Release|x86.ActiveCfg = Release|Any CPU
		{41A7210C-6B63-4183-821C-F5CE7DF8914F}.Release|x86.Build.0 = Release|Any CPU
	EndGlobalSection
	GlobalSection(SolutionProperties) = preSolution
		HideSolutionNode = FALSE
	EndGlobalSection
	GlobalSection(ExtensibilityGlobals) = postSolution
		SolutionGuid = {07C2EF80-33A6-4EC3-8919-812E69D2464B}
	EndGlobalSection
EndGlobal
